
Microsoft Visual Studio Solution File, Format Version 12.00
# Visual Studio Version 17
VisualStudioVersion = 17.7.34024.191
MinimumVisualStudioVersion = 10.0.40219.1
Project("{FAE04EC0-301F-11D3-BF4B-00C04F79EFBC}") = "second_week1", "second_week1.csproj", "{D31ED3D1-30B6-4138-9263-1A73390B1758}"
EndProject
Global
	GlobalSection(SolutionConfigurationPlatforms) = preSolution
		Debug|Any CPU = Debug|Any CPU
		Release|Any CPU = Release|Any CPU
	EndGlobalSection
	GlobalSection(ProjectConfigurationPlatforms) = postSolution
		{D31ED3D1-30B6-4138-9263-1A73390B1758}.Debug|Any CPU.ActiveCfg = Debug|Any CPU
		{D31ED3D1-30B6-4138-9263-1A73390B1758}.Debug|Any CPU.Build.0 = Debug|Any CPU
		{D31ED3D1-30B6-4138-9263-1A73390B1758}.Release|Any CPU.ActiveCfg = Release|Any CPU
		{D31ED3D1-30B6-4138-9263-1A73390B1758}.Release|Any CPU.Build.0 = Release|Any CPU
	EndGlobalSection
	GlobalSection(SolutionProperties) = preSolution
		HideSolutionNode = FALSE
	EndGlobalSection
	GlobalSection(ExtensibilityGlobals) = postSolution
		SolutionGuid = {59A6C891-0004-44EC-BA44-3E3AA9EC0522}
	EndGlobalSection
EndGlobal
